
Microsoft Visual Studio Solution File, Format Version 11.00
# Visual Studio 2010
Project("{FAE04EC0-301F-11D3-BF4B-00C04F79EFBC}") = "PessoaCrudService", "PessoaCrudService\PessoaCrudService.csproj", "{FB1D2809-1C40-4215-ABD2-F9CE962A45BF}"
EndProject
Project("{FAE04EC0-301F-11D3-BF4B-00C04F79EFBC}") = "PessoaCrud", "PessoaCrud\PessoaCrud.csproj", "{667AD2A9-8211-4224-A33C-D8080ADF1213}"
	ProjectSection(ProjectDependencies) = postProject
		{FB1D2809-1C40-4215-ABD2-F9CE962A45BF} = {FB1D2809-1C40-4215-ABD2-F9CE962A45BF}
	EndProjectSection
EndProject
Project("{FAE04EC0-301F-11D3-BF4B-00C04F79EFBC}") = "PessoaDll", "PessoaDll\PessoaDll.csproj", "{37BD66B9-0EE9-430B-8828-90485E950F60}"
EndProject
Global
	GlobalSection(SolutionConfigurationPlatforms) = preSolution
		Debug|Any CPU = Debug|Any CPU
		Debug|Mixed Platforms = Debug|Mixed Platforms
		Debug|x86 = Debug|x86
		Release|Any CPU = Release|Any CPU
		Release|Mixed Platforms = Release|Mixed Platforms
		Release|x86 = Release|x86
	EndGlobalSection
	GlobalSection(ProjectConfigurationPlatforms) = postSolution
		{FB1D2809-1C40-4215-ABD2-F9CE962A45BF}.Debug|Any CPU.ActiveCfg = Debug|Any CPU
		{FB1D2809-1C40-4215-ABD2-F9CE962A45BF}.Debug|Any CPU.Build.0 = Debug|Any CPU
		{FB1D2809-1C40-4215-ABD2-F9CE962A45BF}.Debug|Mixed Platforms.ActiveCfg = Debug|Any CPU
		{FB1D2809-1C40-4215-ABD2-F9CE962A45BF}.Debug|Mixed Platforms.Build.0 = Debug|Any CPU
		{FB1D2809-1C40-4215-ABD2-F9CE962A45BF}.Debug|x86.ActiveCfg = Debug|Any CPU
		{FB1D2809-1C40-4215-ABD2-F9CE962A45BF}.Release|Any CPU.ActiveCfg = Release|Any CPU
		{FB1D2809-1C40-4215-ABD2-F9CE962A45BF}.Release|Any CPU.Build.0 = Release|Any CPU
		{FB1D2809-1C40-4215-ABD2-F9CE962A45BF}.Release|Mixed Platforms.ActiveCfg = Release|Any CPU
		{FB1D2809-1C40-4215-ABD2-F9CE962A45BF}.Release|Mixed Platforms.Build.0 = Release|Any CPU
		{FB1D2809-1C40-4215-ABD2-F9CE962A45BF}.Release|x86.ActiveCfg = Release|Any CPU
		{667AD2A9-8211-4224-A33C-D8080ADF1213}.Debug|Any CPU.ActiveCfg = Debug|x86
		{667AD2A9-8211-4224-A33C-D8080ADF1213}.Debug|Mixed Platforms.ActiveCfg = Debug|x86
		{667AD2A9-8211-4224-A33C-D8080ADF1213}.Debug|Mixed Platforms.Build.0 = Debug|x86
		{667AD2A9-8211-4224-A33C-D8080ADF1213}.Debug|x86.ActiveCfg = Debug|x86
		{667AD2A9-8211-4224-A33C-D8080ADF1213}.Debug|x86.Build.0 = Debug|x86
		{667AD2A9-8211-4224-A33C-D8080ADF1213}.Release|Any CPU.ActiveCfg = Release|x86
		{667AD2A9-8211-4224-A33C-D8080ADF1213}.Release|Mixed Platforms.ActiveCfg = Release|x86
		{667AD2A9-8211-4224-A33C-D8080ADF1213}.Release|Mixed Platforms.Build.0 = Release|x86
		{667AD2A9-8211-4224-A33C-D8080ADF1213}.Release|x86.ActiveCfg = Release|x86
		{667AD2A9-8211-4224-A33C-D8080ADF1213}.Release|x86.Build.0 = Release|x86
		{37BD66B9-0EE9-430B-8828-90485E950F60}.Debug|Any CPU.ActiveCfg = Debug|Any CPU
		{37BD66B9-0EE9-430B-8828-90485E950F60}.Debug|Any CPU.Build.0 = Debug|Any CPU
		{37BD66B9-0EE9-430B-8828-90485E950F60}.Debug|Mixed Platforms.ActiveCfg = Debug|Any CPU
		{37BD66B9-0EE9-430B-8828-90485E950F60}.Debug|Mixed Platforms.Build.0 = Debug|Any CPU
		{37BD66B9-0EE9-430B-8828-90485E950F60}.Debug|x86.ActiveCfg = Debug|Any CPU
		{37BD66B9-0EE9-430B-8828-90485E950F60}.Release|Any CPU.ActiveCfg = Release|Any CPU
		{37BD66B9-0EE9-430B-8828-90485E950F60}.Release|Any CPU.Build.0 = Release|Any CPU
		{37BD66B9-0EE9-430B-8828-90485E950F60}.Release|Mixed Platforms.ActiveCfg = Release|Any CPU
		{37BD66B9-0EE9-430B-8828-90485E950F60}.Release|Mixed Platforms.Build.0 = Release|Any CPU
		{37BD66B9-0EE9-430B-8828-90485E950F60}.Release|x86.ActiveCfg = Release|Any CPU
	EndGlobalSection
	GlobalSection(SolutionProperties) = preSolution
		HideSolutionNode = FALSE
	EndGlobalSection
EndGlobal
